// !$*UTF8*$!
{
	archiveVersion = 1;
	classes = {
	};
	objectVersion = 50;
	objects = {

/* Begin PBXBuildFile section */
		59766C35A255BD6AC39F0E16 /* Pods_IMovie.framework in Frameworks */ = {isa = PBXBuildFile; fileRef = C6D0C60C146C6A3D1519C898 /* Pods_IMovie.framework */; };
		670141DB224E992C009F79E3 /* AppDelegate.swift in Sources */ = {isa = PBXBuildFile; fileRef = 670141DA224E992C009F79E3 /* AppDelegate.swift */; };
		670141E3224E992C009F79E3 /* IMovie.xcdatamodeld in Sources */ = {isa = PBXBuildFile; fileRef = 670141E1224E992C009F79E3 /* IMovie.xcdatamodeld */; };
		670141E5224E992E009F79E3 /* Assets.xcassets in Resources */ = {isa = PBXBuildFile; fileRef = 670141E4224E992E009F79E3 /* Assets.xcassets */; };
		670141E8224E992E009F79E3 /* LaunchScreen.storyboard in Resources */ = {isa = PBXBuildFile; fileRef = 670141E6224E992E009F79E3 /* LaunchScreen.storyboard */; };
		670141F8224EE2A2009F79E3 /* commingSonnCell.swift in Sources */ = {isa = PBXBuildFile; fileRef = 670141F7224EE2A2009F79E3 /* commingSonnCell.swift */; };
		670141FB224EE2DA009F79E3 /* commingSoonTableCell.swift in Sources */ = {isa = PBXBuildFile; fileRef = 670141FA224EE2DA009F79E3 /* commingSoonTableCell.swift */; };
		67029A1D22568F2B00D36C5F /* TVCell.swift in Sources */ = {isa = PBXBuildFile; fileRef = 67029A1C22568F2B00D36C5F /* TVCell.swift */; };
		67029A1F2256966600D36C5F /* TVViewControler.swift in Sources */ = {isa = PBXBuildFile; fileRef = 67029A1E2256966600D36C5F /* TVViewControler.swift */; };
		67029A212256AAC300D36C5F /* SearchTableCell.swift in Sources */ = {isa = PBXBuildFile; fileRef = 67029A202256AAC300D36C5F /* SearchTableCell.swift */; };
		67029A232256AD4F00D36C5F /* SearchViewController.swift in Sources */ = {isa = PBXBuildFile; fileRef = 67029A222256AD4F00D36C5F /* SearchViewController.swift */; };
		671277EB22580C1D00D10C7E /* DetailViewController.swift in Sources */ = {isa = PBXBuildFile; fileRef = 671277EA22580C1D00D10C7E /* DetailViewController.swift */; };
		675B4F882254096D00E50A8D /* PopularActorsTableCell.swift in Sources */ = {isa = PBXBuildFile; fileRef = 675B4F872254096D00E50A8D /* PopularActorsTableCell.swift */; };
		675B4F8A2254099000E50A8D /* PopularActorsCell.swift in Sources */ = {isa = PBXBuildFile; fileRef = 675B4F892254099000E50A8D /* PopularActorsCell.swift */; };
		675B4F8C225417E000E50A8D /* nowPlayingCell.swift in Sources */ = {isa = PBXBuildFile; fileRef = 675B4F8B225417E000E50A8D /* nowPlayingCell.swift */; };
		675B4F8E2254180900E50A8D /* nowPlayingTableCell.swift in Sources */ = {isa = PBXBuildFile; fileRef = 675B4F8D2254180900E50A8D /* nowPlayingTableCell.swift */; };
		675B4F9022541FB900E50A8D /* trendingCell.swift in Sources */ = {isa = PBXBuildFile; fileRef = 675B4F8F22541FB900E50A8D /* trendingCell.swift */; };
		675B4F9222541FD600E50A8D /* trendinfTableViewCell.swift in Sources */ = {isa = PBXBuildFile; fileRef = 675B4F9122541FD600E50A8D /* trendinfTableViewCell.swift */; };
		675B4F94225422E300E50A8D /* topRatedCell.swift in Sources */ = {isa = PBXBuildFile; fileRef = 675B4F93225422E300E50A8D /* topRatedCell.swift */; };
		675B4F96225422FC00E50A8D /* topRatedTableCell.swift in Sources */ = {isa = PBXBuildFile; fileRef = 675B4F95225422FC00E50A8D /* topRatedTableCell.swift */; };
		675B7A3A22633CFA00730F97 /* RatingProgressView.swift in Sources */ = {isa = PBXBuildFile; fileRef = 675B7A3922633CFA00730F97 /* RatingProgressView.swift */; };
		67605823226421E500DC834C /* DetailTVViewController.swift in Sources */ = {isa = PBXBuildFile; fileRef = 67605822226421E500DC834C /* DetailTVViewController.swift */; };
		67995C032258E7FC009EE421 /* trailersCel.swift in Sources */ = {isa = PBXBuildFile; fileRef = 67995C022258E7FC009EE421 /* trailersCel.swift */; };
		67995C052258EC2E009EE421 /* UIView.swift in Sources */ = {isa = PBXBuildFile; fileRef = 67995C042258EC2E009EE421 /* UIView.swift */; };
		67F72037226B9CB0004B7924 /* ActorsDetailViewController.swift in Sources */ = {isa = PBXBuildFile; fileRef = 67F72036226B9CB0004B7924 /* ActorsDetailViewController.swift */; };
		67F72039226B9CD5004B7924 /* ActorDetailCell.swift in Sources */ = {isa = PBXBuildFile; fileRef = 67F72038226B9CD5004B7924 /* ActorDetailCell.swift */; };
		67FF0BEA2252550E00DE7269 /* UIImageView.swift in Sources */ = {isa = PBXBuildFile; fileRef = 67FF0BE92252550E00DE7269 /* UIImageView.swift */; };
		67FF0BED2252594900DE7269 /* MainViewConroller.swift in Sources */ = {isa = PBXBuildFile; fileRef = 67FF0BEC2252594900DE7269 /* MainViewConroller.swift */; };
		67FF0C612252FB4D00DE7269 /* Main.storyboard in Resources */ = {isa = PBXBuildFile; fileRef = 67FF0C5F2252EA6700DE7269 /* Main.storyboard */; };
/* End PBXBuildFile section */

/* Begin PBXFileReference section */
		670141D7224E992C009F79E3 /* IMovie.app */ = {isa = PBXFileReference; explicitFileType = wrapper.application; includeInIndex = 0; path = IMovie.app; sourceTree = BUILT_PRODUCTS_DIR; };
		670141DA224E992C009F79E3 /* AppDelegate.swift */ = {isa = PBXFileReference; lastKnownFileType = sourcecode.swift; path = AppDelegate.swift; sourceTree = "<group>"; };
		670141E2224E992C009F79E3 /* IMovie.xcdatamodel */ = {isa = PBXFileReference; lastKnownFileType = wrapper.xcdatamodel; path = IMovie.xcdatamodel; sourceTree = "<group>"; };
		670141E4224E992E009F79E3 /* Assets.xcassets */ = {isa = PBXFileReference; lastKnownFileType = folder.assetcatalog; path = Assets.xcassets; sourceTree = "<group>"; };
		670141E7224E992E009F79E3 /* Base */ = {isa = PBXFileReference; lastKnownFileType = file.storyboard; name = Base; path = Base.lproj/LaunchScreen.storyboard; sourceTree = "<group>"; };
		670141E9224E992E009F79E3 /* Info.plist */ = {isa = PBXFileReference; lastKnownFileType = text.plist.xml; path = Info.plist; sourceTree = "<group>"; };
		670141F7224EE2A2009F79E3 /* commingSonnCell.swift */ = {isa = PBXFileReference; lastKnownFileType = sourcecode.swift; path = commingSonnCell.swift; sourceTree = "<group>"; };
		670141FA224EE2DA009F79E3 /* commingSoonTableCell.swift */ = {isa = PBXFileReference; lastKnownFileType = sourcecode.swift; path = commingSoonTableCell.swift; sourceTree = "<group>"; };
		67029A1C22568F2B00D36C5F /* TVCell.swift */ = {isa = PBXFileReference; lastKnownFileType = sourcecode.swift; path = TVCell.swift; sourceTree = "<group>"; };
		67029A1E2256966600D36C5F /* TVViewControler.swift */ = {isa = PBXFileReference; lastKnownFileType = sourcecode.swift; path = TVViewControler.swift; sourceTree = "<group>"; };
		67029A202256AAC300D36C5F /* SearchTableCell.swift */ = {isa = PBXFileReference; lastKnownFileType = sourcecode.swift; path = SearchTableCell.swift; sourceTree = "<group>"; };
		67029A222256AD4F00D36C5F /* SearchViewController.swift */ = {isa = PBXFileReference; lastKnownFileType = sourcecode.swift; path = SearchViewController.swift; sourceTree = "<group>"; };
		671277EA22580C1D00D10C7E /* DetailViewController.swift */ = {isa = PBXFileReference; lastKnownFileType = sourcecode.swift; path = DetailViewController.swift; sourceTree = "<group>"; };
		675B4F872254096D00E50A8D /* PopularActorsTableCell.swift */ = {isa = PBXFileReference; lastKnownFileType = sourcecode.swift; path = PopularActorsTableCell.swift; sourceTree = "<group>"; };
		675B4F892254099000E50A8D /* PopularActorsCell.swift */ = {isa = PBXFileReference; lastKnownFileType = sourcecode.swift; path = PopularActorsCell.swift; sourceTree = "<group>"; };
		675B4F8B225417E000E50A8D /* nowPlayingCell.swift */ = {isa = PBXFileReference; lastKnownFileType = sourcecode.swift; path = nowPlayingCell.swift; sourceTree = "<group>"; };
		675B4F8D2254180900E50A8D /* nowPlayingTableCell.swift */ = {isa = PBXFileReference; lastKnownFileType = sourcecode.swift; path = nowPlayingTableCell.swift; sourceTree = "<group>"; };
		675B4F8F22541FB900E50A8D /* trendingCell.swift */ = {isa = PBXFileReference; lastKnownFileType = sourcecode.swift; path = trendingCell.swift; sourceTree = "<group>"; };
		675B4F9122541FD600E50A8D /* trendinfTableViewCell.swift */ = {isa = PBXFileReference; lastKnownFileType = sourcecode.swift; path = trendinfTableViewCell.swift; sourceTree = "<group>"; };
		675B4F93225422E300E50A8D /* topRatedCell.swift */ = {isa = PBXFileReference; lastKnownFileType = sourcecode.swift; path = topRatedCell.swift; sourceTree = "<group>"; };
		675B4F95225422FC00E50A8D /* topRatedTableCell.swift */ = {isa = PBXFileReference; lastKnownFileType = sourcecode.swift; path = topRatedTableCell.swift; sourceTree = "<group>"; };
		675B7A3922633CFA00730F97 /* RatingProgressView.swift */ = {isa = PBXFileReference; lastKnownFileType = sourcecode.swift; path = RatingProgressView.swift; sourceTree = "<group>"; };
		67605822226421E500DC834C /* DetailTVViewController.swift */ = {isa = PBXFileReference; lastKnownFileType = sourcecode.swift; path = DetailTVViewController.swift; sourceTree = "<group>"; };
		67995C022258E7FC009EE421 /* trailersCel.swift */ = {isa = PBXFileReference; lastKnownFileType = sourcecode.swift; path = trailersCel.swift; sourceTree = "<group>"; };
		67995C042258EC2E009EE421 /* UIView.swift */ = {isa = PBXFileReference; lastKnownFileType = sourcecode.swift; path = UIView.swift; sourceTree = "<group>"; };
		67F72036226B9CB0004B7924 /* ActorsDetailViewController.swift */ = {isa = PBXFileReference; lastKnownFileType = sourcecode.swift; path = ActorsDetailViewController.swift; sourceTree = "<group>"; };
		67F72038226B9CD5004B7924 /* ActorDetailCell.swift */ = {isa = PBXFileReference; lastKnownFileType = sourcecode.swift; path = ActorDetailCell.swift; sourceTree = "<group>"; };
		67FF0BE92252550E00DE7269 /* UIImageView.swift */ = {isa = PBXFileReference; lastKnownFileType = sourcecode.swift; path = UIImageView.swift; sourceTree = "<group>"; };
		67FF0BEC2252594900DE7269 /* MainViewConroller.swift */ = {isa = PBXFileReference; lastKnownFileType = sourcecode.swift; path = MainViewConroller.swift; sourceTree = "<group>"; };
		67FF0C5F2252EA6700DE7269 /* Main.storyboard */ = {isa = PBXFileReference; fileEncoding = 4; lastKnownFileType = file.storyboard; path = Main.storyboard; sourceTree = "<group>"; };
		7387CCCCCE8E1D4CD70ADB04 /* Pods-IMovie.release.xcconfig */ = {isa = PBXFileReference; includeInIndex = 1; lastKnownFileType = text.xcconfig; name = "Pods-IMovie.release.xcconfig"; path = "Pods/Target Support Files/Pods-IMovie/Pods-IMovie.release.xcconfig"; sourceTree = "<group>"; };
		98A45A9366B82E9B8A50C087 /* Pods-IMovie.debug.xcconfig */ = {isa = PBXFileReference; includeInIndex = 1; lastKnownFileType = text.xcconfig; name = "Pods-IMovie.debug.xcconfig"; path = "Pods/Target Support Files/Pods-IMovie/Pods-IMovie.debug.xcconfig"; sourceTree = "<group>"; };
		C6D0C60C146C6A3D1519C898 /* Pods_IMovie.framework */ = {isa = PBXFileReference; explicitFileType = wrapper.framework; includeInIndex = 0; path = Pods_IMovie.framework; sourceTree = BUILT_PRODUCTS_DIR; };
/* End PBXFileReference section */

/* Begin PBXFrameworksBuildPhase section */
		670141D4224E992C009F79E3 /* Frameworks */ = {
			isa = PBXFrameworksBuildPhase;
			buildActionMask = 2147483647;
			files = (
				59766C35A255BD6AC39F0E16 /* Pods_IMovie.framework in Frameworks */,
			);
			runOnlyForDeploymentPostprocessing = 0;
		};
/* End PBXFrameworksBuildPhase section */

/* Begin PBXGroup section */
		670141CE224E992C009F79E3 = {
			isa = PBXGroup;
			children = (
				670141D9224E992C009F79E3 /* IMovie */,
				670141D8224E992C009F79E3 /* Products */,
				F2B1FC72809A85C1663D43CA /* Pods */,
				D78C8A3ACBE04C38987931B6 /* Frameworks */,
			);
			sourceTree = "<group>";
		};
		670141D8224E992C009F79E3 /* Products */ = {
			isa = PBXGroup;
			children = (
				670141D7224E992C009F79E3 /* IMovie.app */,
			);
			name = Products;
			sourceTree = "<group>";
		};
		670141D9224E992C009F79E3 /* IMovie */ = {
			isa = PBXGroup;
			children = (
				67FF0BEB2252591100DE7269 /* Controllers */,
				67FF0BE8225254F600DE7269 /* Extensions */,
				670141F5224EE275009F79E3 /* View */,
				670141F4224EB675009F79E3 /* Application */,
				670141E4224E992E009F79E3 /* Assets.xcassets */,
				670141E9224E992E009F79E3 /* Info.plist */,
				670141E1224E992C009F79E3 /* IMovie.xcdatamodeld */,
			);
			path = IMovie;
			sourceTree = "<group>";
		};
		670141F4224EB675009F79E3 /* Application */ = {
			isa = PBXGroup;
			children = (
				67FF0C5F2252EA6700DE7269 /* Main.storyboard */,
				670141E6224E992E009F79E3 /* LaunchScreen.storyboard */,
				670141DA224E992C009F79E3 /* AppDelegate.swift */,
			);
			path = Application;
			sourceTree = "<group>";
		};
		670141F5224EE275009F79E3 /* View */ = {
			isa = PBXGroup;
			children = (
				670141F9224EE2B8009F79E3 /* TableView */,
				670141F6224EE280009F79E3 /* ColView */,
			);
			path = View;
			sourceTree = "<group>";
		};
		670141F6224EE280009F79E3 /* ColView */ = {
			isa = PBXGroup;
			children = (
				670141F7224EE2A2009F79E3 /* commingSonnCell.swift */,
				675B4F892254099000E50A8D /* PopularActorsCell.swift */,
				675B4F8B225417E000E50A8D /* nowPlayingCell.swift */,
				675B4F8F22541FB900E50A8D /* trendingCell.swift */,
				675B4F93225422E300E50A8D /* topRatedCell.swift */,
				67029A1C22568F2B00D36C5F /* TVCell.swift */,
				67995C022258E7FC009EE421 /* trailersCel.swift */,
				67F72038226B9CD5004B7924 /* ActorDetailCell.swift */,
			);
			path = ColView;
			sourceTree = "<group>";
		};
		670141F9224EE2B8009F79E3 /* TableView */ = {
			isa = PBXGroup;
			children = (
				670141FA224EE2DA009F79E3 /* commingSoonTableCell.swift */,
				675B4F872254096D00E50A8D /* PopularActorsTableCell.swift */,
				675B4F8D2254180900E50A8D /* nowPlayingTableCell.swift */,
				675B4F9122541FD600E50A8D /* trendinfTableViewCell.swift */,
				675B4F95225422FC00E50A8D /* topRatedTableCell.swift */,
				67029A202256AAC300D36C5F /* SearchTableCell.swift */,
			);
			path = TableView;
			sourceTree = "<group>";
		};
		67FF0BE8225254F600DE7269 /* Extensions */ = {
			isa = PBXGroup;
			children = (
				67FF0BE92252550E00DE7269 /* UIImageView.swift */,
				67995C042258EC2E009EE421 /* UIView.swift */,
				675B7A3922633CFA00730F97 /* RatingProgressView.swift */,
			);
			path = Extensions;
			sourceTree = "<group>";
		};
		67FF0BEB2252591100DE7269 /* Controllers */ = {
			isa = PBXGroup;
			children = (
				67FF0BEC2252594900DE7269 /* MainViewConroller.swift */,
				67029A1E2256966600D36C5F /* TVViewControler.swift */,
				67029A222256AD4F00D36C5F /* SearchViewController.swift */,
				671277EA22580C1D00D10C7E /* DetailViewController.swift */,
				67605822226421E500DC834C /* DetailTVViewController.swift */,
				67F72036226B9CB0004B7924 /* ActorsDetailViewController.swift */,
			);
			path = Controllers;
			sourceTree = "<group>";
		};
		D78C8A3ACBE04C38987931B6 /* Frameworks */ = {
			isa = PBXGroup;
			children = (
				C6D0C60C146C6A3D1519C898 /* Pods_IMovie.framework */,
			);
			name = Frameworks;
			sourceTree = "<group>";
		};
		F2B1FC72809A85C1663D43CA /* Pods */ = {
			isa = PBXGroup;
			children = (
				98A45A9366B82E9B8A50C087 /* Pods-IMovie.debug.xcconfig */,
				7387CCCCCE8E1D4CD70ADB04 /* Pods-IMovie.release.xcconfig */,
			);
			name = Pods;
			sourceTree = "<group>";
		};
/* End PBXGroup section */

/* Begin PBXNativeTarget section */
		670141D6224E992C009F79E3 /* IMovie */ = {
			isa = PBXNativeTarget;
			buildConfigurationList = 670141EC224E992E009F79E3 /* Build configuration list for PBXNativeTarget "IMovie" */;
			buildPhases = (
				C1C275F05E0E1DA40370C7DC /* [CP] Check Pods Manifest.lock */,
				670141D3224E992C009F79E3 /* Sources */,
				670141D4224E992C009F79E3 /* Frameworks */,
				670141D5224E992C009F79E3 /* Resources */,
				0B653D148696AD1340635AFB /* [CP] Embed Pods Frameworks */,
			);
			buildRules = (
			);
			dependencies = (
			);
			name = IMovie;
			productName = IMovie;
			productReference = 670141D7224E992C009F79E3 /* IMovie.app */;
			productType = "com.apple.product-type.application";
		};
/* End PBXNativeTarget section */

/* Begin PBXProject section */
		670141CF224E992C009F79E3 /* Project object */ = {
			isa = PBXProject;
			attributes = {
				LastSwiftUpdateCheck = 1010;
				LastUpgradeCheck = 1010;
				ORGANIZATIONNAME = liza_kaganskaya;
				TargetAttributes = {
					670141D6224E992C009F79E3 = {
						CreatedOnToolsVersion = 10.1;
					};
				};
			};
			buildConfigurationList = 670141D2224E992C009F79E3 /* Build configuration list for PBXProject "IMovie" */;
			compatibilityVersion = "Xcode 9.3";
			developmentRegion = en;
			hasScannedForEncodings = 0;
			knownRegions = (
				en,
				Base,
			);
			mainGroup = 670141CE224E992C009F79E3;
			productRefGroup = 670141D8224E992C009F79E3 /* Products */;
			projectDirPath = "";
			projectRoot = "";
			targets = (
				670141D6224E992C009F79E3 /* IMovie */,
			);
		};
/* End PBXProject section */

/* Begin PBXResourcesBuildPhase section */
		670141D5224E992C009F79E3 /* Resources */ = {
			isa = PBXResourcesBuildPhase;
			buildActionMask = 2147483647;
			files = (
				67FF0C612252FB4D00DE7269 /* Main.storyboard in Resources */,
				670141E8224E992E009F79E3 /* LaunchScreen.storyboard in Resources */,
				670141E5224E992E009F79E3 /* Assets.xcassets in Resources */,
			);
			runOnlyForDeploymentPostprocessing = 0;
		};
/* End PBXResourcesBuildPhase section */

/* Begin PBXShellScriptBuildPhase section */
		0B653D148696AD1340635AFB /* [CP] Embed Pods Frameworks */ = {
			isa = PBXShellScriptBuildPhase;
			buildActionMask = 2147483647;
			files = (
			);
			inputFileListPaths = (
			);
			inputPaths = (
				"${SRCROOT}/Pods/Target Support Files/Pods-IMovie/Pods-IMovie-frameworks.sh",
				"${BUILT_PRODUCTS_DIR}/Alamofire/Alamofire.framework",
				"${BUILT_PRODUCTS_DIR}/AlamofireImage/AlamofireImage.framework",
				"${BUILT_PRODUCTS_DIR}/FLAnimatedImage/FLAnimatedImage.framework",
				"${BUILT_PRODUCTS_DIR}/RxAtomic/RxAtomic.framework",
				"${BUILT_PRODUCTS_DIR}/RxCocoa/RxCocoa.framework",
				"${BUILT_PRODUCTS_DIR}/RxSwift/RxSwift.framework",
				"${BUILT_PRODUCTS_DIR}/SwiftGifOrigin/SwiftGifOrigin.framework",
				"${BUILT_PRODUCTS_DIR}/SwiftSoup/SwiftSoup.framework",
				"${BUILT_PRODUCTS_DIR}/SwiftyGif/SwiftyGif.framework",
				"${BUILT_PRODUCTS_DIR}/SwiftyJSON/SwiftyJSON.framework",
				"${BUILT_PRODUCTS_DIR}/TMDBSwift/TMDBSwift.framework",
			);
			name = "[CP] Embed Pods Frameworks";
			outputFileListPaths = (
			);
			outputPaths = (
				"${TARGET_BUILD_DIR}/${FRAMEWORKS_FOLDER_PATH}/Alamofire.framework",
				"${TARGET_BUILD_DIR}/${FRAMEWORKS_FOLDER_PATH}/AlamofireImage.framework",
				"${TARGET_BUILD_DIR}/${FRAMEWORKS_FOLDER_PATH}/FLAnimatedImage.framework",
				"${TARGET_BUILD_DIR}/${FRAMEWORKS_FOLDER_PATH}/RxAtomic.framework",
				"${TARGET_BUILD_DIR}/${FRAMEWORKS_FOLDER_PATH}/RxCocoa.framework",
				"${TARGET_BUILD_DIR}/${FRAMEWORKS_FOLDER_PATH}/RxSwift.framework",
				"${TARGET_BUILD_DIR}/${FRAMEWORKS_FOLDER_PATH}/SwiftGifOrigin.framework",
				"${TARGET_BUILD_DIR}/${FRAMEWORKS_FOLDER_PATH}/SwiftSoup.framework",
				"${TARGET_BUILD_DIR}/${FRAMEWORKS_FOLDER_PATH}/SwiftyGif.framework",
				"${TARGET_BUILD_DIR}/${FRAMEWORKS_FOLDER_PATH}/SwiftyJSON.framework",
				"${TARGET_BUILD_DIR}/${FRAMEWORKS_FOLDER_PATH}/TMDBSwift.framework",
			);
			runOnlyForDeploymentPostprocessing = 0;
			shellPath = /bin/sh;
			shellScript = "\"${SRCROOT}/Pods/Target Support Files/Pods-IMovie/Pods-IMovie-frameworks.sh\"\n";
			showEnvVarsInLog = 0;
		};
		C1C275F05E0E1DA40370C7DC /* [CP] Check Pods Manifest.lock */ = {
			isa = PBXShellScriptBuildPhase;
			buildActionMask = 2147483647;
			files = (
			);
			inputFileListPaths = (
			);
			inputPaths = (
				"${PODS_PODFILE_DIR_PATH}/Podfile.lock",
				"${PODS_ROOT}/Manifest.lock",
			);
			name = "[CP] Check Pods Manifest.lock";
			outputFileListPaths = (
			);
			outputPaths = (
				"$(DERIVED_FILE_DIR)/Pods-IMovie-checkManifestLockResult.txt",
			);
			runOnlyForDeploymentPostprocessing = 0;
			shellPath = /bin/sh;
			shellScript = "diff \"${PODS_PODFILE_DIR_PATH}/Podfile.lock\" \"${PODS_ROOT}/Manifest.lock\" > /dev/null\nif [ $? != 0 ] ; then\n    # print error to STDERR\n    echo \"error: The sandbox is not in sync with the Podfile.lock. Run 'pod install' or update your CocoaPods installation.\" >&2\n    exit 1\nfi\n# This output is used by Xcode 'outputs' to avoid re-running this script phase.\necho \"SUCCESS\" > \"${SCRIPT_OUTPUT_FILE_0}\"\n";
			showEnvVarsInLog = 0;
		};
/* End PBXShellScriptBuildPhase section */

/* Begin PBXSourcesBuildPhase section */
		670141D3224E992C009F79E3 /* Sources */ = {
			isa = PBXSourcesBuildPhase;
			buildActionMask = 2147483647;
			files = (
				675B4F8C225417E000E50A8D /* nowPlayingCell.swift in Sources */,
				675B7A3A22633CFA00730F97 /* RatingProgressView.swift in Sources */,
				67605823226421E500DC834C /* DetailTVViewController.swift in Sources */,
				670141FB224EE2DA009F79E3 /* commingSoonTableCell.swift in Sources */,
				67995C052258EC2E009EE421 /* UIView.swift in Sources */,
				675B4F8E2254180900E50A8D /* nowPlayingTableCell.swift in Sources */,
				67029A1D22568F2B00D36C5F /* TVCell.swift in Sources */,
				67F72039226B9CD5004B7924 /* ActorDetailCell.swift in Sources */,
				675B4F9022541FB900E50A8D /* trendingCell.swift in Sources */,
				675B4F8A2254099000E50A8D /* PopularActorsCell.swift in Sources */,
				675B4F94225422E300E50A8D /* topRatedCell.swift in Sources */,
				67F72037226B9CB0004B7924 /* ActorsDetailViewController.swift in Sources */,
				670141F8224EE2A2009F79E3 /* commingSonnCell.swift in Sources */,
				675B4F96225422FC00E50A8D /* topRatedTableCell.swift in Sources */,
				675B4F882254096D00E50A8D /* PopularActorsTableCell.swift in Sources */,
				671277EB22580C1D00D10C7E /* DetailViewController.swift in Sources */,
				67FF0BED2252594900DE7269 /* MainViewConroller.swift in Sources */,
				67995C032258E7FC009EE421 /* trailersCel.swift in Sources */,
				67FF0BEA2252550E00DE7269 /* UIImageView.swift in Sources */,
				67029A232256AD4F00D36C5F /* SearchViewController.swift in Sources */,
				670141DB224E992C009F79E3 /* AppDelegate.swift in Sources */,
				67029A1F2256966600D36C5F /* TVViewControler.swift in Sources */,
				670141E3224E992C009F79E3 /* IMovie.xcdatamodeld in Sources */,
				675B4F9222541FD600E50A8D /* trendinfTableViewCell.swift in Sources */,
				67029A212256AAC300D36C5F /* SearchTableCell.swift in Sources */,
			);
			runOnlyForDeploymentPostprocessing = 0;
		};
/* End PBXSourcesBuildPhase section */

/* Begin PBXVariantGroup section */
		670141E6224E992E009F79E3 /* LaunchScreen.storyboard */ = {
			isa = PBXVariantGroup;
			children = (
				670141E7224E992E009F79E3 /* Base */,
			);
			name = LaunchScreen.storyboard;
			sourceTree = "<group>";
		};
/* End PBXVariantGroup section */

/* Begin XCBuildConfiguration section */
		670141EA224E992E009F79E3 /* Debug */ = {
			isa = XCBuildConfiguration;
			buildSettings = {
				ALWAYS_SEARCH_USER_PATHS = NO;
				CLANG_ANALYZER_NONNULL = YES;
				CLANG_ANALYZER_NUMBER_OBJECT_CONVERSION = YES_AGGRESSIVE;
				CLANG_CXX_LANGUAGE_STANDARD = "gnu++14";
				CLANG_CXX_LIBRARY = "libc++";
				CLANG_ENABLE_MODULES = YES;
				CLANG_ENABLE_OBJC_ARC = YES;
				CLANG_ENABLE_OBJC_WEAK = YES;
				CLANG_WARN_BLOCK_CAPTURE_AUTORELEASING = YES;
				CLANG_WARN_BOOL_CONVERSION = YES;
				CLANG_WARN_COMMA = YES;
				CLANG_WARN_CONSTANT_CONVERSION = YES;
				CLANG_WARN_DEPRECATED_OBJC_IMPLEMENTATIONS = YES;
				CLANG_WARN_DIRECT_OBJC_ISA_USAGE = YES_ERROR;
				CLANG_WARN_DOCUMENTATION_COMMENTS = YES;
				CLANG_WARN_EMPTY_BODY = YES;
				CLANG_WARN_ENUM_CONVERSION = YES;
				CLANG_WARN_INFINITE_RECURSION = YES;
				CLANG_WARN_INT_CONVERSION = YES;
				CLANG_WARN_NON_LITERAL_NULL_CONVERSION = YES;
				CLANG_WARN_OBJC_IMPLICIT_RETAIN_SELF = YES;
				CLANG_WARN_OBJC_LITERAL_CONVERSION = YES;
				CLANG_WARN_OBJC_ROOT_CLASS = YES_ERROR;
				CLANG_WARN_RANGE_LOOP_ANALYSIS = YES;
				CLANG_WARN_STRICT_PROTOTYPES = YES;
				CLANG_WARN_SUSPICIOUS_MOVE = YES;
				CLANG_WARN_UNGUARDED_AVAILABILITY = YES_AGGRESSIVE;
				CLANG_WARN_UNREACHABLE_CODE = YES;
				CLANG_WARN__DUPLICATE_METHOD_MATCH = YES;
				CODE_SIGN_IDENTITY = "iPhone Developer";
				COPY_PHASE_STRIP = NO;
				DEBUG_INFORMATION_FORMAT = dwarf;
				ENABLE_STRICT_OBJC_MSGSEND = YES;
				ENABLE_TESTABILITY = YES;
				GCC_C_LANGUAGE_STANDARD = gnu11;
				GCC_DYNAMIC_NO_PIC = NO;
				GCC_NO_COMMON_BLOCKS = YES;
				GCC_OPTIMIZATION_LEVEL = 0;
				GCC_PREPROCESSOR_DEFINITIONS = (
					"DEBUG=1",
					"$(inherited)",
				);
				GCC_WARN_64_TO_32_BIT_CONVERSION = YES;
				GCC_WARN_ABOUT_RETURN_TYPE = YES_ERROR;
				GCC_WARN_UNDECLARED_SELECTOR = YES;
				GCC_WARN_UNINITIALIZED_AUTOS = YES_AGGRESSIVE;
				GCC_WARN_UNUSED_FUNCTION = YES;
				GCC_WARN_UNUSED_VARIABLE = YES;
				IPHONEOS_DEPLOYMENT_TARGET = 12.1;
				MTL_ENABLE_DEBUG_INFO = INCLUDE_SOURCE;
				MTL_FAST_MATH = YES;
				ONLY_ACTIVE_ARCH = YES;
				SDKROOT = iphoneos;
				SWIFT_ACTIVE_COMPILATION_CONDITIONS = DEBUG;
				SWIFT_OPTIMIZATION_LEVEL = "-Onone";
			};
			name = Debug;
		};
		670141EB224E992E009F79E3 /* Release */ = {
			isa = XCBuildConfiguration;
			buildSettings = {
				ALWAYS_SEARCH_USER_PATHS = NO;
				CLANG_ANALYZER_NONNULL = YES;
				CLANG_ANALYZER_NUMBER_OBJECT_CONVERSION = YES_AGGRESSIVE;
				CLANG_CXX_LANGUAGE_STANDARD = "gnu++14";
				CLANG_CXX_LIBRARY = "libc++";
				CLANG_ENABLE_MODULES = YES;
				CLANG_ENABLE_OBJC_ARC = YES;
				CLANG_ENABLE_OBJC_WEAK = YES;
				CLANG_WARN_BLOCK_CAPTURE_AUTORELEASING = YES;
				CLANG_WARN_BOOL_CONVERSION = YES;
				CLANG_WARN_COMMA = YES;
				CLANG_WARN_CONSTANT_CONVERSION = YES;
				CLANG_WARN_DEPRECATED_OBJC_IMPLEMENTATIONS = YES;
				CLANG_WARN_DIRECT_OBJC_ISA_USAGE = YES_ERROR;
				CLANG_WARN_DOCUMENTATION_COMMENTS = YES;
				CLANG_WARN_EMPTY_BODY = YES;
				CLANG_WARN_ENUM_CONVERSION = YES;
				CLANG_WARN_INFINITE_RECURSION = YES;
				CLANG_WARN_INT_CONVERSION = YES;
				CLANG_WARN_NON_LITERAL_NULL_CONVERSION = YES;
				CLANG_WARN_OBJC_IMPLICIT_RETAIN_SELF = YES;
				CLANG_WARN_OBJC_LITERAL_CONVERSION = YES;
				CLANG_WARN_OBJC_ROOT_CLASS = YES_ERROR;
				CLANG_WARN_RANGE_LOOP_ANALYSIS = YES;
				CLANG_WARN_STRICT_PROTOTYPES = YES;
				CLANG_WARN_SUSPICIOUS_MOVE = YES;
				CLANG_WARN_UNGUARDED_AVAILABILITY = YES_AGGRESSIVE;
				CLANG_WARN_UNREACHABLE_CODE = YES;
				CLANG_WARN__DUPLICATE_METHOD_MATCH = YES;
				CODE_SIGN_IDENTITY = "iPhone Developer";
				COPY_PHASE_STRIP = NO;
				DEBUG_INFORMATION_FORMAT = "dwarf-with-dsym";
				ENABLE_NS_ASSERTIONS = NO;
				ENABLE_STRICT_OBJC_MSGSEND = YES;
				GCC_C_LANGUAGE_STANDARD = gnu11;
				GCC_NO_COMMON_BLOCKS = YES;
				GCC_WARN_64_TO_32_BIT_CONVERSION = YES;
				GCC_WARN_ABOUT_RETURN_TYPE = YES_ERROR;
				GCC_WARN_UNDECLARED_SELECTOR = YES;
				GCC_WARN_UNINITIALIZED_AUTOS = YES_AGGRESSIVE;
				GCC_WARN_UNUSED_FUNCTION = YES;
				GCC_WARN_UNUSED_VARIABLE = YES;
				IPHONEOS_DEPLOYMENT_TARGET = 12.1;
				MTL_ENABLE_DEBUG_INFO = NO;
				MTL_FAST_MATH = YES;
				SDKROOT = iphoneos;
				SWIFT_COMPILATION_MODE = wholemodule;
				SWIFT_OPTIMIZATION_LEVEL = "-O";
				VALIDATE_PRODUCT = YES;
			};
			name = Release;
		};
		670141ED224E992E009F79E3 /* Debug */ = {
			isa = XCBuildConfiguration;
			baseConfigurationReference = 98A45A9366B82E9B8A50C087 /* Pods-IMovie.debug.xcconfig */;
			buildSettings = {
				ASSETCATALOG_COMPILER_APPICON_NAME = AppIcon;
				CODE_SIGN_STYLE = Automatic;
				DEVELOPMENT_TEAM = YUVT827MWJ;
				INFOPLIST_FILE = IMovie/Info.plist;
				LD_RUNPATH_SEARCH_PATHS = (
					"$(inherited)",
					"@executable_path/Frameworks",
				);
				PRODUCT_BUNDLE_IDENTIFIER = "liza-kaganskaya.IMovie";
				PRODUCT_NAME = "$(TARGET_NAME)";
				SWIFT_VERSION = 4.2;
				TARGETED_DEVICE_FAMILY = "1,2";
			};
			name = Debug;
		};
		670141EE224E992E009F79E3 /* Release */ = {
			isa = XCBuildConfiguration;
			baseConfigurationReference = 7387CCCCCE8E1D4CD70ADB04 /* Pods-IMovie.release.xcconfig */;
			buildSettings = {
				ASSETCATALOG_COMPILER_APPICON_NAME = AppIcon;
				CODE_SIGN_STYLE = Automatic;
				DEVELOPMENT_TEAM = YUVT827MWJ;
				INFOPLIST_FILE = IMovie/Info.plist;
				LD_RUNPATH_SEARCH_PATHS = (
					"$(inherited)",
					"@executable_path/Frameworks",
				);
				PRODUCT_BUNDLE_IDENTIFIER = "liza-kaganskaya.IMovie";
				PRODUCT_NAME = "$(TARGET_NAME)";
				SWIFT_VERSION = 4.2;
				TARGETED_DEVICE_FAMILY = "1,2";
			};
			name = Release;
		};
/* End XCBuildConfiguration section */

/* Begin XCConfigurationList section */
		670141D2224E992C009F79E3 /* Build configuration list for PBXProject "IMovie" */ = {
			isa = XCConfigurationList;
			buildConfigurations = (
				670141EA224E992E009F79E3 /* Debug */,
				670141EB224E992E009F79E3 /* Release */,
			);
			defaultConfigurationIsVisible = 0;
			defaultConfigurationName = Release;
		};
		670141EC224E992E009F79E3 /* Build configuration list for PBXNativeTarget "IMovie" */ = {
			isa = XCConfigurationList;
			buildConfigurations = (
				670141ED224E992E009F79E3 /* Debug */,
				670141EE224E992E009F79E3 /* Release */,
			);
			defaultConfigurationIsVisible = 0;
			defaultConfigurationName = Release;
		};
/* End XCConfigurationList section */

/* Begin XCVersionGroup section */
		670141E1224E992C009F79E3 /* IMovie.xcdatamodeld */ = {
			isa = XCVersionGroup;
			children = (
				670141E2224E992C009F79E3 /* IMovie.xcdatamodel */,
			);
			currentVersion = 670141E2224E992C009F79E3 /* IMovie.xcdatamodel */;
			path = IMovie.xcdatamodeld;
			sourceTree = "<group>";
			versionGroupType = wrapper.xcdatamodel;
		};
/* End XCVersionGroup section */
	};
	rootObject = 670141CF224E992C009F79E3 /* Project object */;
}
